
Microsoft Visual Studio Solution File, Format Version 12.00
# Visual Studio 15
Project("{FAE04EC0-301F-11D3-BF4B-00C04F79EFBC}") = "MyScrapRoom", "MyScrapRoom.csproj", "{6D54DAC0-7BA0-0F03-2754-41792EEDD07F}"
EndProject
Project("{FAE04EC0-301F-11D3-BF4B-00C04F79EFBC}") = "MyScrapRoom.Editor", "MyScrapRoom.Editor.csproj", "{529C169D-1C8C-1E5F-F5AB-94EDB56077CB}"
EndProject
Global
	GlobalSection(SolutionConfigurationPlatforms) = preSolution
		Debug|Any CPU = Debug|Any CPU
		Release|Any CPU = Release|Any CPU
	EndGlobalSection
	GlobalSection(ProjectConfigurationPlatforms) = postSolution
		{6D54DAC0-7BA0-0F03-2754-41792EEDD07F}.Debug|Any CPU.ActiveCfg = Debug|Any CPU
		{6D54DAC0-7BA0-0F03-2754-41792EEDD07F}.Debug|Any CPU.Build.0 = Debug|Any CPU
		{6D54DAC0-7BA0-0F03-2754-41792EEDD07F}.Release|Any CPU.ActiveCfg = Release|Any CPU
		{6D54DAC0-7BA0-0F03-2754-41792EEDD07F}.Release|Any CPU.Build.0 = Release|Any CPU
		{529C169D-1C8C-1E5F-F5AB-94EDB56077CB}.Debug|Any CPU.ActiveCfg = Debug|Any CPU
		{529C169D-1C8C-1E5F-F5AB-94EDB56077CB}.Debug|Any CPU.Build.0 = Debug|Any CPU
		{529C169D-1C8C-1E5F-F5AB-94EDB56077CB}.Release|Any CPU.ActiveCfg = Release|Any CPU
		{529C169D-1C8C-1E5F-F5AB-94EDB56077CB}.Release|Any CPU.Build.0 = Release|Any CPU
	EndGlobalSection
	GlobalSection(SolutionProperties) = preSolution
		HideSolutionNode = FALSE
	EndGlobalSection
EndGlobal
